
Microsoft Visual Studio Solution File, Format Version 12.00
# Visual Studio Version 17
VisualStudioVersion = 17.0.32014.148
MinimumVisualStudioVersion = 10.0.40219.1
Project("{9A19103F-16F7-4668-BE54-9A1E7A4F7556}") = "JiuLing.CommonLibs", "src\JiuLing.CommonLibs.csproj", "{0788DD81-147E-40E2-BEFB-81ED48ABD083}"
EndProject
Project("{9A19103F-16F7-4668-BE54-9A1E7A4F7556}") = "JiuLing.CommonLibsTests", "test\JiuLing.CommonLibsTests.csproj", "{5B9DAC7C-B6DA-4BDD-A4C3-1CDABF88E3A9}"
EndProject
Global
	GlobalSection(SolutionConfigurationPlatforms) = preSolution
		Debug|Any CPU = Debug|Any CPU
		Release|Any CPU = Release|Any CPU
	EndGlobalSection
	GlobalSection(ProjectConfigurationPlatforms) = postSolution
		{0788DD81-147E-40E2-BEFB-81ED48ABD083}.Debug|Any CPU.ActiveCfg = Debug|Any CPU
		{0788DD81-147E-40E2-BEFB-81ED48ABD083}.Debug|Any CPU.Build.0 = Debug|Any CPU
		{0788DD81-147E-40E2-BEFB-81ED48ABD083}.Release|Any CPU.ActiveCfg = Release|Any CPU
		{0788DD81-147E-40E2-BEFB-81ED48ABD083}.Release|Any CPU.Build.0 = Release|Any CPU
		{5B9DAC7C-B6DA-4BDD-A4C3-1CDABF88E3A9}.Debug|Any CPU.ActiveCfg = Debug|Any CPU
		{5B9DAC7C-B6DA-4BDD-A4C3-1CDABF88E3A9}.Debug|Any CPU.Build.0 = Debug|Any CPU
		{5B9DAC7C-B6DA-4BDD-A4C3-1CDABF88E3A9}.Release|Any CPU.ActiveCfg = Release|Any CPU
		{5B9DAC7C-B6DA-4BDD-A4C3-1CDABF88E3A9}.Release|Any CPU.Build.0 = Release|Any CPU
	EndGlobalSection
	GlobalSection(SolutionProperties) = preSolution
		HideSolutionNode = FALSE
	EndGlobalSection
	GlobalSection(ExtensibilityGlobals) = postSolution
		SolutionGuid = {73CD20B3-18DC-4541-B5B7-5067D71674B8}
	EndGlobalSection
EndGlobal
