
Microsoft Visual Studio Solution File, Format Version 12.00
# Visual Studio Version 17
VisualStudioVersion = 17.0.32014.148
MinimumVisualStudioVersion = 10.0.40219.1
Project("{9A19103F-16F7-4668-BE54-9A1E7A4F7556}") = "JiuLing.CommonLibs", "JiuLing.CommonLibs\JiuLing.CommonLibs.csproj", "{2ED87CD7-44E4-4EC9-94C8-BD56A8F56EB9}"
EndProject
Project("{FAE04EC0-301F-11D3-BF4B-00C04F79EFBC}") = "JiuLing.CommonLibs.UnitTests", "JiuLing.CommonLibs.UnitTests\JiuLing.CommonLibs.UnitTests.csproj", "{777D018D-D2EB-4CD2-852C-E737BA4A8098}"
EndProject
Global
	GlobalSection(SolutionConfigurationPlatforms) = preSolution
		Debug|Any CPU = Debug|Any CPU
		Release|Any CPU = Release|Any CPU
	EndGlobalSection
	GlobalSection(ProjectConfigurationPlatforms) = postSolution
		{2ED87CD7-44E4-4EC9-94C8-BD56A8F56EB9}.Debug|Any CPU.ActiveCfg = Debug|Any CPU
		{2ED87CD7-44E4-4EC9-94C8-BD56A8F56EB9}.Debug|Any CPU.Build.0 = Debug|Any CPU
		{2ED87CD7-44E4-4EC9-94C8-BD56A8F56EB9}.Release|Any CPU.ActiveCfg = Release|Any CPU
		{2ED87CD7-44E4-4EC9-94C8-BD56A8F56EB9}.Release|Any CPU.Build.0 = Release|Any CPU
		{777D018D-D2EB-4CD2-852C-E737BA4A8098}.Debug|Any CPU.ActiveCfg = Debug|Any CPU
		{777D018D-D2EB-4CD2-852C-E737BA4A8098}.Debug|Any CPU.Build.0 = Debug|Any CPU
		{777D018D-D2EB-4CD2-852C-E737BA4A8098}.Release|Any CPU.ActiveCfg = Release|Any CPU
		{777D018D-D2EB-4CD2-852C-E737BA4A8098}.Release|Any CPU.Build.0 = Release|Any CPU
	EndGlobalSection
	GlobalSection(SolutionProperties) = preSolution
		HideSolutionNode = FALSE
	EndGlobalSection
	GlobalSection(ExtensibilityGlobals) = postSolution
		SolutionGuid = {73CD20B3-18DC-4541-B5B7-5067D71674B8}
	EndGlobalSection
EndGlobal
